
Microsoft Visual Studio Solution File, Format Version 12.00
# Visual Studio Version 16
VisualStudioVersion = 16.0.31729.503
MinimumVisualStudioVersion = 10.0.40219.1
Project("{FAE04EC0-301F-11D3-BF4B-00C04F79EFBC}") = "ViventiumDataStore", "ViventiumDataStore\ViventiumDataStore.csproj", "{4482A92D-FFA3-4EA9-B4B6-44FCBDD7D7DF}"
EndProject
Project("{FAE04EC0-301F-11D3-BF4B-00C04F79EFBC}") = "ViventiumDataStore.Tests", "ViventiumDataStore.Tests\ViventiumDataStore.Tests.csproj", "{43F262A5-B0BB-4696-88AE-E7F519C5297F}"
EndProject
Global
	GlobalSection(SolutionConfigurationPlatforms) = preSolution
		Debug|Any CPU = Debug|Any CPU
		Release|Any CPU = Release|Any CPU
	EndGlobalSection
	GlobalSection(ProjectConfigurationPlatforms) = postSolution
		{4482A92D-FFA3-4EA9-B4B6-44FCBDD7D7DF}.Debug|Any CPU.ActiveCfg = Debug|Any CPU
		{4482A92D-FFA3-4EA9-B4B6-44FCBDD7D7DF}.Debug|Any CPU.Build.0 = Debug|Any CPU
		{4482A92D-FFA3-4EA9-B4B6-44FCBDD7D7DF}.Release|Any CPU.ActiveCfg = Release|Any CPU
		{4482A92D-FFA3-4EA9-B4B6-44FCBDD7D7DF}.Release|Any CPU.Build.0 = Release|Any CPU
		{43F262A5-B0BB-4696-88AE-E7F519C5297F}.Debug|Any CPU.ActiveCfg = Debug|Any CPU
		{43F262A5-B0BB-4696-88AE-E7F519C5297F}.Debug|Any CPU.Build.0 = Debug|Any CPU
		{43F262A5-B0BB-4696-88AE-E7F519C5297F}.Release|Any CPU.ActiveCfg = Release|Any CPU
		{43F262A5-B0BB-4696-88AE-E7F519C5297F}.Release|Any CPU.Build.0 = Release|Any CPU
	EndGlobalSection
	GlobalSection(SolutionProperties) = preSolution
		HideSolutionNode = FALSE
	EndGlobalSection
	GlobalSection(ExtensibilityGlobals) = postSolution
		SolutionGuid = {4C12E18A-92E3-436C-97F4-351F5BF9A604}
	EndGlobalSection
EndGlobal
